// !$*UTF8*$!
{
	archiveVersion = 1;
	classes = {
	};
	objectVersion = 54;
	objects = {

/* Begin PBXBuildFile section */
		1AA8DC092578D8500031FEE6 /* hover3dApp.swift in Sources */ = {isa = PBXBuildFile; fileRef = 1AA8DC082578D8500031FEE6 /* hover3dApp.swift */; };
		1AA8DC0B2578D8500031FEE6 /* ContentView.swift in Sources */ = {isa = PBXBuildFile; fileRef = 1AA8DC0A2578D8500031FEE6 /* ContentView.swift */; };
		1AA8DC0D2578D8510031FEE6 /* Assets.xcassets in Resources */ = {isa = PBXBuildFile; fileRef = 1AA8DC0C2578D8510031FEE6 /* Assets.xcassets */; };
		1AA8DC102578D8510031FEE6 /* Preview Assets.xcassets in Resources */ = {isa = PBXBuildFile; fileRef = 1AA8DC0F2578D8510031FEE6 /* Preview Assets.xcassets */; };
		1AA8DC1A2578D90C0031FEE6 /* DataModel.swift in Sources */ = {isa = PBXBuildFile; fileRef = 1AA8DC192578D90C0031FEE6 /* DataModel.swift */; };
		1AA8DC1D2578D9250031FEE6 /* Extensions.swift in Sources */ = {isa = PBXBuildFile; fileRef = 1AA8DC1C2578D9250031FEE6 /* Extensions.swift */; };
		1AA8DC202578D9E20031FEE6 /* Editor.swift in Sources */ = {isa = PBXBuildFile; fileRef = 1AA8DC1F2578D9E20031FEE6 /* Editor.swift */; };
		1AA8DC232578DA960031FEE6 /* ShareMenu.swift in Sources */ = {isa = PBXBuildFile; fileRef = 1AA8DC222578DA960031FEE6 /* ShareMenu.swift */; };
		1AA8DC2B2578DC950031FEE6 /* SVGParser.swift in Sources */ = {isa = PBXBuildFile; fileRef = 1AA8DC2A2578DC950031FEE6 /* SVGParser.swift */; };
		1AA8DC302578DDC20031FEE6 /* art.scnassets in Resources */ = {isa = PBXBuildFile; fileRef = 1AA8DC2F2578DDC20031FEE6 /* art.scnassets */; };
		1AA8DC312578DE000031FEE6 /* ChamferButtonStyle.swift in Sources */ = {isa = PBXBuildFile; fileRef = 1AA8DC352578DE000031FEE6 /* ChamferButtonStyle.swift */; };
		1AA8DC322578DE000031FEE6 /* ChamferModeSelector.swift in Sources */ = {isa = PBXBuildFile; fileRef = 1AA8DC362578DE000031FEE6 /* ChamferModeSelector.swift */; };
		1AA8DC332578DE000031FEE6 /* ChamferProfileSelector.swift in Sources */ = {isa = PBXBuildFile; fileRef = 1AA8DC372578DE000031FEE6 /* ChamferProfileSelector.swift */; };
		1AA8DC342578DE000031FEE6 /* ChamferProfileType.swift in Sources */ = {isa = PBXBuildFile; fileRef = 1AA8DC382578DE000031FEE6 /* ChamferProfileType.swift */; };
		7A2E1D010000000000000001 /* ExportFormat.swift in Sources */ = {isa = PBXBuildFile; fileRef = 7A2E1D010000000000000011 /* ExportFormat.swift */; };
		7A2E1D010000000000000002 /* InspectorView.swift in Sources */ = {isa = PBXBuildFile; fileRef = 7A2E1D010000000000000012 /* InspectorView.swift */; };
		7A2E1D010000000000000003 /* SliderRow.swift in Sources */ = {isa = PBXBuildFile; fileRef = 7A2E1D010000000000000013 /* SliderRow.swift */; };
		7A2E1D010000000000000004 /* PreciseSliderRow.swift in Sources */ = {isa = PBXBuildFile; fileRef = 7A2E1D010000000000000014 /* PreciseSliderRow.swift */; };
		7A2E1D010000000000000005 /* ValueBubbleSlider.swift in Sources */ = {isa = PBXBuildFile; fileRef = 7A2E1D010000000000000015 /* ValueBubbleSlider.swift */; };
		E8B269C83051AA36006FBEE8 /* HoverView.swift in Sources */ = {isa = PBXBuildFile; fileRef = E8B269C73051AA36006FBEE8 /* HoverView.swift */; };
		E8B269CB3051BB02006FBEE8 /* MaterialSlotButtonStyle.swift in Sources */ = {isa = PBXBuildFile; fileRef = E8B269CA3051BB02006FBEE8 /* MaterialSlotButtonStyle.swift */; };
/* End PBXBuildFile section */

/* Begin PBXFileReference section */
		1AA8DC052578D8500031FEE6 /* hover3d.app */ = {isa = PBXFileReference; explicitFileType = wrapper.application; includeInIndex = 0; path = hover3d.app; sourceTree = BUILT_PRODUCTS_DIR; };
		1AA8DC082578D8500031FEE6 /* hover3dApp.swift */ = {isa = PBXFileReference; lastKnownFileType = sourcecode.swift; path = hover3dApp.swift; sourceTree = "<group>"; };
		1AA8DC0A2578D8500031FEE6 /* ContentView.swift */ = {isa = PBXFileReference; lastKnownFileType = sourcecode.swift; path = ContentView.swift; sourceTree = "<group>"; };
		1AA8DC0C2578D8510031FEE6 /* Assets.xcassets */ = {isa = PBXFileReference; lastKnownFileType = folder.assetcatalog; path = Assets.xcassets; sourceTree = "<group>"; };
		1AA8DC0F2578D8510031FEE6 /* Preview Assets.xcassets */ = {isa = PBXFileReference; lastKnownFileType = folder.assetcatalog; path = "Preview Assets.xcassets"; sourceTree = "<group>"; };
		1AA8DC112578D8510031FEE6 /* Info.plist */ = {isa = PBXFileReference; lastKnownFileType = text.plist.xml; path = Info.plist; sourceTree = "<group>"; };
		1AA8DC122578D8510031FEE6 /* hover3d.entitlements */ = {isa = PBXFileReference; lastKnownFileType = text.plist.entitlements; path = hover3d.entitlements; sourceTree = "<group>"; };
		1AA8DC192578D90C0031FEE6 /* DataModel.swift */ = {isa = PBXFileReference; lastKnownFileType = sourcecode.swift; path = DataModel.swift; sourceTree = "<group>"; };
		1AA8DC1C2578D9250031FEE6 /* Extensions.swift */ = {isa = PBXFileReference; fileEncoding = 4; lastKnownFileType = sourcecode.swift; path = Extensions.swift; sourceTree = "<group>"; };
		1AA8DC1F2578D9E20031FEE6 /* Editor.swift */ = {isa = PBXFileReference; fileEncoding = 4; lastKnownFileType = sourcecode.swift; path = Editor.swift; sourceTree = "<group>"; };
		1AA8DC222578DA960031FEE6 /* ShareMenu.swift */ = {isa = PBXFileReference; fileEncoding = 4; lastKnownFileType = sourcecode.swift; path = ShareMenu.swift; sourceTree = "<group>"; };
		1AA8DC2A2578DC950031FEE6 /* SVGParser.swift */ = {isa = PBXFileReference; fileEncoding = 4; lastKnownFileType = sourcecode.swift; path = SVGParser.swift; sourceTree = "<group>"; };
		1AA8DC2F2578DDC20031FEE6 /* art.scnassets */ = {isa = PBXFileReference; lastKnownFileType = wrapper.scnassets; path = art.scnassets; sourceTree = "<group>"; };
		1AA8DC352578DE000031FEE6 /* ChamferButtonStyle.swift */ = {isa = PBXFileReference; fileEncoding = 4; lastKnownFileType = sourcecode.swift; path = ChamferButtonStyle.swift; sourceTree = "<group>"; };
		1AA8DC362578DE000031FEE6 /* ChamferModeSelector.swift */ = {isa = PBXFileReference; fileEncoding = 4; lastKnownFileType = sourcecode.swift; path = ChamferModeSelector.swift; sourceTree = "<group>"; };
		1AA8DC372578DE000031FEE6 /* ChamferProfileSelector.swift */ = {isa = PBXFileReference; fileEncoding = 4; lastKnownFileType = sourcecode.swift; path = ChamferProfileSelector.swift; sourceTree = "<group>"; };
		1AA8DC382578DE000031FEE6 /* ChamferProfileType.swift */ = {isa = PBXFileReference; fileEncoding = 4; lastKnownFileType = sourcecode.swift; path = ChamferProfileType.swift; sourceTree = "<group>"; };
		7A2E1D010000000000000011 /* ExportFormat.swift */ = {isa = PBXFileReference; lastKnownFileType = sourcecode.swift; path = ExportFormat.swift; sourceTree = "<group>"; };
		7A2E1D010000000000000012 /* InspectorView.swift */ = {isa = PBXFileReference; lastKnownFileType = sourcecode.swift; path = InspectorView.swift; sourceTree = "<group>"; };
		7A2E1D010000000000000013 /* SliderRow.swift */ = {isa = PBXFileReference; lastKnownFileType = sourcecode.swift; path = SliderRow.swift; sourceTree = "<group>"; };
		7A2E1D010000000000000014 /* PreciseSliderRow.swift */ = {isa = PBXFileReference; lastKnownFileType = sourcecode.swift; path = PreciseSliderRow.swift; sourceTree = "<group>"; };
		7A2E1D010000000000000015 /* ValueBubbleSlider.swift */ = {isa = PBXFileReference; lastKnownFileType = sourcecode.swift; path = ValueBubbleSlider.swift; sourceTree = "<group>"; };
		E8B269C73051AA36006FBEE8 /* HoverView.swift */ = {isa = PBXFileReference; lastKnownFileType = sourcecode.swift; path = HoverView.swift; sourceTree = "<group>"; };
		E8B269CA3051BB02006FBEE8 /* MaterialSlotButtonStyle.swift */ = {isa = PBXFileReference; lastKnownFileType = sourcecode.swift; path = MaterialSlotButtonStyle.swift; sourceTree = "<group>"; };
/* End PBXFileReference section */

/* Begin PBXFrameworksBuildPhase section */
		1AA8DC022578D8500031FEE6 /* Frameworks */ = {
			isa = PBXFrameworksBuildPhase;
			buildActionMask = 2147483647;
			files = (
			);
			runOnlyForDeploymentPostprocessing = 0;
		};
/* End PBXFrameworksBuildPhase section */

/* Begin PBXGroup section */
		1AA8DBFC2578D8500031FEE6 = {
			isa = PBXGroup;
			children = (
				1AA8DC072578D8500031FEE6 /* hover3d */,
				1AA8DC062578D8500031FEE6 /* Products */,
			);
			sourceTree = "<group>";
		};
		1AA8DC062578D8500031FEE6 /* Products */ = {
			isa = PBXGroup;
			children = (
				1AA8DC052578D8500031FEE6 /* hover3d.app */,
			);
			name = Products;
			sourceTree = "<group>";
		};
		1AA8DC072578D8500031FEE6 /* hover3d */ = {
			isa = PBXGroup;
			children = (
				1AA8DC082578D8500031FEE6 /* hover3dApp.swift */,
				1AA8DC292578DC810031FEE6 /* Views */,
				E8B269C93051B62C006FBEE8 /* Styles */,
				1AA8DC282578DC780031FEE6 /* Model */,
				1AA8DC2D2578DCA40031FEE6 /* Utils */,
				1AA8DC0C2578D8510031FEE6 /* Assets.xcassets */,
				1AA8DC2F2578DDC20031FEE6 /* art.scnassets */,
				1AA8DC112578D8510031FEE6 /* Info.plist */,
				1AA8DC122578D8510031FEE6 /* hover3d.entitlements */,
				1AA8DC0E2578D8510031FEE6 /* Preview Content */,
			);
			path = hover3d;
			sourceTree = "<group>";
		};
		1AA8DC0E2578D8510031FEE6 /* Preview Content */ = {
			isa = PBXGroup;
			children = (
				1AA8DC0F2578D8510031FEE6 /* Preview Assets.xcassets */,
			);
			path = "Preview Content";
			sourceTree = "<group>";
		};
		1AA8DC282578DC780031FEE6 /* Model */ = {
			isa = PBXGroup;
			children = (
				7A2E1D010000000000000011 /* ExportFormat.swift */,
				1AA8DC382578DE000031FEE6 /* ChamferProfileType.swift */,
				1AA8DC192578D90C0031FEE6 /* DataModel.swift */,
				1AA8DC2A2578DC950031FEE6 /* SVGParser.swift */,
			);
			path = Model;
			sourceTree = "<group>";
		};
		1AA8DC292578DC810031FEE6 /* Views */ = {
			isa = PBXGroup;
			children = (
				1AA8DC0A2578D8500031FEE6 /* ContentView.swift */,
				1AA8DC362578DE000031FEE6 /* ChamferModeSelector.swift */,
				1AA8DC372578DE000031FEE6 /* ChamferProfileSelector.swift */,
				1AA8DC1F2578D9E20031FEE6 /* Editor.swift */,
				7A2E1D010000000000000012 /* InspectorView.swift */,
				7A2E1D010000000000000013 /* SliderRow.swift */,
				7A2E1D010000000000000014 /* PreciseSliderRow.swift */,
				7A2E1D010000000000000015 /* ValueBubbleSlider.swift */,
				E8B269C73051AA36006FBEE8 /* HoverView.swift */,
				1AA8DC222578DA960031FEE6 /* ShareMenu.swift */,
			);
			path = Views;
			sourceTree = "<group>";
		};
		1AA8DC2D2578DCA40031FEE6 /* Utils */ = {
			isa = PBXGroup;
			children = (
				1AA8DC1C2578D9250031FEE6 /* Extensions.swift */,
			);
			path = Utils;
			sourceTree = "<group>";
		};
		E8B269C93051B62C006FBEE8 /* Styles */ = {
			isa = PBXGroup;
			children = (
				E8B269CA3051BB02006FBEE8 /* MaterialSlotButtonStyle.swift */,
				1AA8DC352578DE000031FEE6 /* ChamferButtonStyle.swift */,
			);
			path = Styles;
			sourceTree = "<group>";
		};
/* End PBXGroup section */

/* Begin PBXNativeTarget section */
		1AA8DC042578D8500031FEE6 /* hover3d */ = {
			isa = PBXNativeTarget;
			buildConfigurationList = 1AA8DC152578D8510031FEE6 /* Build configuration list for PBXNativeTarget "hover3d" */;
			buildPhases = (
				1AA8DC012578D8500031FEE6 /* Sources */,
				1AA8DC022578D8500031FEE6 /* Frameworks */,
				1AA8DC032578D8500031FEE6 /* Resources */,
			);
			buildRules = (
			);
			dependencies = (
			);
			name = hover3d;
			productName = hover3d;
			productReference = 1AA8DC052578D8500031FEE6 /* hover3d.app */;
			productType = "com.apple.product-type.application";
		};
/* End PBXNativeTarget section */

/* Begin PBXProject section */
		1AA8DBFD2578D8500031FEE6 /* Project object */ = {
			isa = PBXProject;
			attributes = {
				BuildIndependentTargetsInParallel = YES;
				LastSwiftUpdateCheck = 1220;
				LastUpgradeCheck = 2660;
				TargetAttributes = {
					1AA8DC042578D8500031FEE6 = {
						CreatedOnToolsVersion = 12.2;
					};
				};
			};
			buildConfigurationList = 1AA8DC002578D8500031FEE6 /* Build configuration list for PBXProject "hover3d" */;
			compatibilityVersion = "Xcode 9.3";
			developmentRegion = en;
			hasScannedForEncodings = 0;
			knownRegions = (
				en,
				Base,
			);
			mainGroup = 1AA8DBFC2578D8500031FEE6;
			productRefGroup = 1AA8DC062578D8500031FEE6 /* Products */;
			projectDirPath = "";
			projectRoot = "";
			targets = (
				1AA8DC042578D8500031FEE6 /* hover3d */,
			);
		};
/* End PBXProject section */

/* Begin PBXResourcesBuildPhase section */
		1AA8DC032578D8500031FEE6 /* Resources */ = {
			isa = PBXResourcesBuildPhase;
			buildActionMask = 2147483647;
			files = (
				1AA8DC102578D8510031FEE6 /* Preview Assets.xcassets in Resources */,
				1AA8DC302578DDC20031FEE6 /* art.scnassets in Resources */,
				1AA8DC0D2578D8510031FEE6 /* Assets.xcassets in Resources */,
			);
			runOnlyForDeploymentPostprocessing = 0;
		};
/* End PBXResourcesBuildPhase section */

/* Begin PBXSourcesBuildPhase section */
		1AA8DC012578D8500031FEE6 /* Sources */ = {
			isa = PBXSourcesBuildPhase;
			buildActionMask = 2147483647;
			files = (
				1AA8DC312578DE000031FEE6 /* ChamferButtonStyle.swift in Sources */,
				1AA8DC322578DE000031FEE6 /* ChamferModeSelector.swift in Sources */,
				1AA8DC332578DE000031FEE6 /* ChamferProfileSelector.swift in Sources */,
				1AA8DC342578DE000031FEE6 /* ChamferProfileType.swift in Sources */,
				7A2E1D010000000000000001 /* ExportFormat.swift in Sources */,
				1AA8DC232578DA960031FEE6 /* ShareMenu.swift in Sources */,
				1AA8DC0B2578D8500031FEE6 /* ContentView.swift in Sources */,
				1AA8DC092578D8500031FEE6 /* hover3dApp.swift in Sources */,
				1AA8DC1A2578D90C0031FEE6 /* DataModel.swift in Sources */,
				1AA8DC1D2578D9250031FEE6 /* Extensions.swift in Sources */,
				E8B269C83051AA36006FBEE8 /* HoverView.swift in Sources */,
				1AA8DC202578D9E20031FEE6 /* Editor.swift in Sources */,
				7A2E1D010000000000000002 /* InspectorView.swift in Sources */,
				7A2E1D010000000000000003 /* SliderRow.swift in Sources */,
				E8B269CB3051BB02006FBEE8 /* MaterialSlotButtonStyle.swift in Sources */,
				7A2E1D010000000000000004 /* PreciseSliderRow.swift in Sources */,
				7A2E1D010000000000000005 /* ValueBubbleSlider.swift in Sources */,
				1AA8DC2B2578DC950031FEE6 /* SVGParser.swift in Sources */,
			);
			runOnlyForDeploymentPostprocessing = 0;
		};
/* End PBXSourcesBuildPhase section */

/* Begin XCBuildConfiguration section */
		1AA8DC132578D8510031FEE6 /* Debug */ = {
			isa = XCBuildConfiguration;
			buildSettings = {
				ALWAYS_SEARCH_USER_PATHS = NO;
				CLANG_ANALYZER_NONNULL = YES;
				CLANG_ANALYZER_NUMBER_OBJECT_CONVERSION = YES_AGGRESSIVE;
				CLANG_CXX_LANGUAGE_STANDARD = "gnu++14";
				CLANG_CXX_LIBRARY = "libc++";
				CLANG_ENABLE_MODULES = YES;
				CLANG_ENABLE_OBJC_ARC = YES;
				CLANG_ENABLE_OBJC_WEAK = YES;
				CLANG_WARN_BLOCK_CAPTURE_AUTORELEASING = YES;
				CLANG_WARN_BOOL_CONVERSION = YES;
				CLANG_WARN_COMMA = YES;
				CLANG_WARN_CONSTANT_CONVERSION = YES;
				CLANG_WARN_DEPRECATED_OBJC_IMPLEMENTATIONS = YES;
				CLANG_WARN_DIRECT_OBJC_ISA_USAGE = YES_ERROR;
				CLANG_WARN_DOCUMENTATION_COMMENTS = YES;
				CLANG_WARN_EMPTY_BODY = YES;
				CLANG_WARN_ENUM_CONVERSION = YES;
				CLANG_WARN_INFINITE_RECURSION = YES;
				CLANG_WARN_INT_CONVERSION = YES;
				CLANG_WARN_NON_LITERAL_NULL_CONVERSION = YES;
				CLANG_WARN_OBJC_IMPLICIT_RETAIN_SELF = YES;
				CLANG_WARN_OBJC_LITERAL_CONVERSION = YES;
				CLANG_WARN_OBJC_ROOT_CLASS = YES_ERROR;
				CLANG_WARN_QUOTED_INCLUDE_IN_FRAMEWORK_HEADER = YES;
				CLANG_WARN_RANGE_LOOP_ANALYSIS = YES;
				CLANG_WARN_STRICT_PROTOTYPES = YES;
				CLANG_WARN_SUSPICIOUS_MOVE = YES;
				CLANG_WARN_UNGUARDED_AVAILABILITY = YES_AGGRESSIVE;
				CLANG_WARN_UNREACHABLE_CODE = YES;
				CLANG_WARN__DUPLICATE_METHOD_MATCH = YES;
				COPY_PHASE_STRIP = NO;
				DEAD_CODE_STRIPPING = YES;
				DEBUG_INFORMATION_FORMAT = dwarf;
				DEVELOPMENT_TEAM = V7S37T583D;
				ENABLE_STRICT_OBJC_MSGSEND = YES;
				ENABLE_TESTABILITY = YES;
				ENABLE_USER_SCRIPT_SANDBOXING = YES;
				GCC_C_LANGUAGE_STANDARD = gnu11;
				GCC_DYNAMIC_NO_PIC = NO;
				GCC_NO_COMMON_BLOCKS = YES;
				GCC_OPTIMIZATION_LEVEL = 0;
				GCC_PREPROCESSOR_DEFINITIONS = (
					"DEBUG=1",
					"$(inherited)",
				);
				GCC_WARN_64_TO_32_BIT_CONVERSION = YES;
				GCC_WARN_ABOUT_RETURN_TYPE = YES_ERROR;
				GCC_WARN_UNDECLARED_SELECTOR = YES;
				GCC_WARN_UNINITIALIZED_AUTOS = YES_AGGRESSIVE;
				GCC_WARN_UNUSED_FUNCTION = YES;
				GCC_WARN_UNUSED_VARIABLE = YES;
				MACOSX_DEPLOYMENT_TARGET = 11.0;
				MTL_ENABLE_DEBUG_INFO = INCLUDE_SOURCE;
				MTL_FAST_MATH = YES;
				ONLY_ACTIVE_ARCH = YES;
				SDKROOT = macosx;
				STRING_CATALOG_GENERATE_SYMBOLS = YES;
				SWIFT_ACTIVE_COMPILATION_CONDITIONS = DEBUG;
				SWIFT_OPTIMIZATION_LEVEL = "-Onone";
			};
			name = Debug;
		};
		1AA8DC142578D8510031FEE6 /* Release */ = {
			isa = XCBuildConfiguration;
			buildSettings = {
				ALWAYS_SEARCH_USER_PATHS = NO;
				CLANG_ANALYZER_NONNULL = YES;
				CLANG_ANALYZER_NUMBER_OBJECT_CONVERSION = YES_AGGRESSIVE;
				CLANG_CXX_LANGUAGE_STANDARD = "gnu++14";
				CLANG_CXX_LIBRARY = "libc++";
				CLANG_ENABLE_MODULES = YES;
				CLANG_ENABLE_OBJC_ARC = YES;
				CLANG_ENABLE_OBJC_WEAK = YES;
				CLANG_WARN_BLOCK_CAPTURE_AUTORELEASING = YES;
				CLANG_WARN_BOOL_CONVERSION = YES;
				CLANG_WARN_COMMA = YES;
				CLANG_WARN_CONSTANT_CONVERSION = YES;
				CLANG_WARN_DEPRECATED_OBJC_IMPLEMENTATIONS = YES;
				CLANG_WARN_DIRECT_OBJC_ISA_USAGE = YES_ERROR;
				CLANG_WARN_DOCUMENTATION_COMMENTS = YES;
				CLANG_WARN_EMPTY_BODY = YES;
				CLANG_WARN_ENUM_CONVERSION = YES;
				CLANG_WARN_INFINITE_RECURSION = YES;
				CLANG_WARN_INT_CONVERSION = YES;
				CLANG_WARN_NON_LITERAL_NULL_CONVERSION = YES;
				CLANG_WARN_OBJC_IMPLICIT_RETAIN_SELF = YES;
				CLANG_WARN_OBJC_LITERAL_CONVERSION = YES;
				CLANG_WARN_OBJC_ROOT_CLASS = YES_ERROR;
				CLANG_WARN_QUOTED_INCLUDE_IN_FRAMEWORK_HEADER = YES;
				CLANG_WARN_RANGE_LOOP_ANALYSIS = YES;
				CLANG_WARN_STRICT_PROTOTYPES = YES;
				CLANG_WARN_SUSPICIOUS_MOVE = YES;
				CLANG_WARN_UNGUARDED_AVAILABILITY = YES_AGGRESSIVE;
				CLANG_WARN_UNREACHABLE_CODE = YES;
				CLANG_WARN__DUPLICATE_METHOD_MATCH = YES;
				COPY_PHASE_STRIP = NO;
				DEAD_CODE_STRIPPING = YES;
				DEBUG_INFORMATION_FORMAT = "dwarf-with-dsym";
				DEVELOPMENT_TEAM = V7S37T583D;
				ENABLE_NS_ASSERTIONS = NO;
				ENABLE_STRICT_OBJC_MSGSEND = YES;
				ENABLE_USER_SCRIPT_SANDBOXING = YES;
				GCC_C_LANGUAGE_STANDARD = gnu11;
				GCC_NO_COMMON_BLOCKS = YES;
				GCC_WARN_64_TO_32_BIT_CONVERSION = YES;
				GCC_WARN_ABOUT_RETURN_TYPE = YES_ERROR;
				GCC_WARN_UNDECLARED_SELECTOR = YES;
				GCC_WARN_UNINITIALIZED_AUTOS = YES_AGGRESSIVE;
				GCC_WARN_UNUSED_FUNCTION = YES;
				GCC_WARN_UNUSED_VARIABLE = YES;
				MACOSX_DEPLOYMENT_TARGET = 11.0;
				MTL_ENABLE_DEBUG_INFO = NO;
				MTL_FAST_MATH = YES;
				SDKROOT = macosx;
				STRING_CATALOG_GENERATE_SYMBOLS = YES;
				SWIFT_COMPILATION_MODE = wholemodule;
				SWIFT_OPTIMIZATION_LEVEL = "-O";
			};
			name = Release;
		};
		1AA8DC162578D8510031FEE6 /* Debug */ = {
			isa = XCBuildConfiguration;
			buildSettings = {
				ASSETCATALOG_COMPILER_APPICON_NAME = AppIcon;
				ASSETCATALOG_COMPILER_GLOBAL_ACCENT_COLOR_NAME = AccentColor;
				CODE_SIGN_ENTITLEMENTS = hover3d/hover3d.entitlements;
				CODE_SIGN_STYLE = Automatic;
				COMBINE_HIDPI_IMAGES = YES;
				DEAD_CODE_STRIPPING = YES;
				DEVELOPMENT_ASSET_PATHS = "\"hover3d/Preview Content\"";
				ENABLE_HARDENED_RUNTIME = YES;
				ENABLE_PREVIEWS = YES;
				INFOPLIST_FILE = hover3d/Info.plist;
				LD_RUNPATH_SEARCH_PATHS = (
					"$(inherited)",
					"@executable_path/../Frameworks",
				);
				MACOSX_DEPLOYMENT_TARGET = 26.0;
				PRODUCT_BUNDLE_IDENTIFIER = com.ubicolor.hover3d;
				PRODUCT_NAME = "$(TARGET_NAME)";
				SWIFT_STRICT_CONCURRENCY = complete;
				SWIFT_VERSION = 6.0;
			};
			name = Debug;
		};
		1AA8DC172578D8510031FEE6 /* Release */ = {
			isa = XCBuildConfiguration;
			buildSettings = {
				ASSETCATALOG_COMPILER_APPICON_NAME = AppIcon;
				ASSETCATALOG_COMPILER_GLOBAL_ACCENT_COLOR_NAME = AccentColor;
				CODE_SIGN_ENTITLEMENTS = hover3d/hover3d.entitlements;
				CODE_SIGN_STYLE = Automatic;
				COMBINE_HIDPI_IMAGES = YES;
				DEAD_CODE_STRIPPING = YES;
				DEVELOPMENT_ASSET_PATHS = "\"hover3d/Preview Content\"";
				ENABLE_HARDENED_RUNTIME = YES;
				ENABLE_PREVIEWS = YES;
				INFOPLIST_FILE = hover3d/Info.plist;
				LD_RUNPATH_SEARCH_PATHS = (
					"$(inherited)",
					"@executable_path/../Frameworks",
				);
				MACOSX_DEPLOYMENT_TARGET = 26.0;
				PRODUCT_BUNDLE_IDENTIFIER = com.ubicolor.hover3d;
				PRODUCT_NAME = "$(TARGET_NAME)";
				SWIFT_STRICT_CONCURRENCY = complete;
				SWIFT_VERSION = 6.0;
			};
			name = Release;
		};
/* End XCBuildConfiguration section */

/* Begin XCConfigurationList section */
		1AA8DC002578D8500031FEE6 /* Build configuration list for PBXProject "hover3d" */ = {
			isa = XCConfigurationList;
			buildConfigurations = (
				1AA8DC132578D8510031FEE6 /* Debug */,
				1AA8DC142578D8510031FEE6 /* Release */,
			);
			defaultConfigurationIsVisible = 0;
			defaultConfigurationName = Release;
		};
		1AA8DC152578D8510031FEE6 /* Build configuration list for PBXNativeTarget "hover3d" */ = {
			isa = XCConfigurationList;
			buildConfigurations = (
				1AA8DC162578D8510031FEE6 /* Debug */,
				1AA8DC172578D8510031FEE6 /* Release */,
			);
			defaultConfigurationIsVisible = 0;
			defaultConfigurationName = Release;
		};
/* End XCConfigurationList section */
	};
	rootObject = 1AA8DBFD2578D8500031FEE6 /* Project object */;
}
